
Microsoft Visual Studio Solution File, Format Version 12.00
Project("{FAE04EC0-301F-11D3-BF4B-00C04F79EFBC}") = "Domain", "Domain\Domain.csproj", "{F6268097-B28B-4076-8CF3-A28B3355A3FC}"
EndProject
Project("{FAE04EC0-301F-11D3-BF4B-00C04F79EFBC}") = "BlazorAppReddit", "BlazorAppReddit\BlazorAppReddit.csproj", "{257DD4F2-C731-41B5-9CB8-37B538570E2D}"
EndProject
Project("{FAE04EC0-301F-11D3-BF4B-00C04F79EFBC}") = "FileData", "FileData\FileData.csproj", "{927813F3-3F22-419A-AA4D-E3DFCF61C9E6}"
EndProject
Project("{FAE04EC0-301F-11D3-BF4B-00C04F79EFBC}") = "BusinessLogicWithRestApi", "BusinessLogicWithRestApi\BusinessLogicWithRestApi.csproj", "{574F134E-1AF6-48A4-8884-E4C766489F99}"
EndProject
Project("{FAE04EC0-301F-11D3-BF4B-00C04F79EFBC}") = "HttpServices", "HttpServices\HttpServices.csproj", "{37C04AB1-C790-4DCC-ACE9-DD6F2A48B92B}"
EndProject
Global
	GlobalSection(SolutionConfigurationPlatforms) = preSolution
		Debug|Any CPU = Debug|Any CPU
		Release|Any CPU = Release|Any CPU
	EndGlobalSection
	GlobalSection(ProjectConfigurationPlatforms) = postSolution
		{F6268097-B28B-4076-8CF3-A28B3355A3FC}.Debug|Any CPU.ActiveCfg = Debug|Any CPU
		{F6268097-B28B-4076-8CF3-A28B3355A3FC}.Debug|Any CPU.Build.0 = Debug|Any CPU
		{F6268097-B28B-4076-8CF3-A28B3355A3FC}.Release|Any CPU.ActiveCfg = Release|Any CPU
		{F6268097-B28B-4076-8CF3-A28B3355A3FC}.Release|Any CPU.Build.0 = Release|Any CPU
		{257DD4F2-C731-41B5-9CB8-37B538570E2D}.Debug|Any CPU.ActiveCfg = Debug|Any CPU
		{257DD4F2-C731-41B5-9CB8-37B538570E2D}.Debug|Any CPU.Build.0 = Debug|Any CPU
		{257DD4F2-C731-41B5-9CB8-37B538570E2D}.Release|Any CPU.ActiveCfg = Release|Any CPU
		{257DD4F2-C731-41B5-9CB8-37B538570E2D}.Release|Any CPU.Build.0 = Release|Any CPU
		{927813F3-3F22-419A-AA4D-E3DFCF61C9E6}.Debug|Any CPU.ActiveCfg = Debug|Any CPU
		{927813F3-3F22-419A-AA4D-E3DFCF61C9E6}.Debug|Any CPU.Build.0 = Debug|Any CPU
		{927813F3-3F22-419A-AA4D-E3DFCF61C9E6}.Release|Any CPU.ActiveCfg = Release|Any CPU
		{927813F3-3F22-419A-AA4D-E3DFCF61C9E6}.Release|Any CPU.Build.0 = Release|Any CPU
		{574F134E-1AF6-48A4-8884-E4C766489F99}.Debug|Any CPU.ActiveCfg = Debug|Any CPU
		{574F134E-1AF6-48A4-8884-E4C766489F99}.Debug|Any CPU.Build.0 = Debug|Any CPU
		{574F134E-1AF6-48A4-8884-E4C766489F99}.Release|Any CPU.ActiveCfg = Release|Any CPU
		{574F134E-1AF6-48A4-8884-E4C766489F99}.Release|Any CPU.Build.0 = Release|Any CPU
		{37C04AB1-C790-4DCC-ACE9-DD6F2A48B92B}.Debug|Any CPU.ActiveCfg = Debug|Any CPU
		{37C04AB1-C790-4DCC-ACE9-DD6F2A48B92B}.Debug|Any CPU.Build.0 = Debug|Any CPU
		{37C04AB1-C790-4DCC-ACE9-DD6F2A48B92B}.Release|Any CPU.ActiveCfg = Release|Any CPU
		{37C04AB1-C790-4DCC-ACE9-DD6F2A48B92B}.Release|Any CPU.Build.0 = Release|Any CPU
	EndGlobalSection
EndGlobal
